
Microsoft Visual Studio Solution File, Format Version 12.00
# Visual Studio Version 17
VisualStudioVersion = 17.7.34031.279
MinimumVisualStudioVersion = 10.0.40219.1
Project("{FAE04EC0-301F-11D3-BF4B-00C04F79EFBC}") = "RyanWebApp.Server", "RyanWebApp\Server\RyanWebApp.Server.csproj", "{2B4E4572-0A1C-47A1-B1E8-64F9BA0250E4}"
EndProject
Project("{FAE04EC0-301F-11D3-BF4B-00C04F79EFBC}") = "RyanWebApp.Client", "RyanWebApp\Client\RyanWebApp.Client.csproj", "{DE80D9F1-5999-4EF9-B6C6-6E5142E57B6C}"
EndProject
Project("{FAE04EC0-301F-11D3-BF4B-00C04F79EFBC}") = "RyanWebApp.Shared", "RyanWebApp\Shared\RyanWebApp.Shared.csproj", "{9AE0AF92-A279-4A16-A737-8F84434E92A7}"
EndProject
Global
	GlobalSection(SolutionConfigurationPlatforms) = preSolution
		Debug|Any CPU = Debug|Any CPU
		Release|Any CPU = Release|Any CPU
	EndGlobalSection
	GlobalSection(ProjectConfigurationPlatforms) = postSolution
		{2B4E4572-0A1C-47A1-B1E8-64F9BA0250E4}.Debug|Any CPU.ActiveCfg = Debug|Any CPU
		{2B4E4572-0A1C-47A1-B1E8-64F9BA0250E4}.Debug|Any CPU.Build.0 = Debug|Any CPU
		{2B4E4572-0A1C-47A1-B1E8-64F9BA0250E4}.Release|Any CPU.ActiveCfg = Release|Any CPU
		{2B4E4572-0A1C-47A1-B1E8-64F9BA0250E4}.Release|Any CPU.Build.0 = Release|Any CPU
		{DE80D9F1-5999-4EF9-B6C6-6E5142E57B6C}.Debug|Any CPU.ActiveCfg = Debug|Any CPU
		{DE80D9F1-5999-4EF9-B6C6-6E5142E57B6C}.Debug|Any CPU.Build.0 = Debug|Any CPU
		{DE80D9F1-5999-4EF9-B6C6-6E5142E57B6C}.Release|Any CPU.ActiveCfg = Release|Any CPU
		{DE80D9F1-5999-4EF9-B6C6-6E5142E57B6C}.Release|Any CPU.Build.0 = Release|Any CPU
		{9AE0AF92-A279-4A16-A737-8F84434E92A7}.Debug|Any CPU.ActiveCfg = Debug|Any CPU
		{9AE0AF92-A279-4A16-A737-8F84434E92A7}.Debug|Any CPU.Build.0 = Debug|Any CPU
		{9AE0AF92-A279-4A16-A737-8F84434E92A7}.Release|Any CPU.ActiveCfg = Release|Any CPU
		{9AE0AF92-A279-4A16-A737-8F84434E92A7}.Release|Any CPU.Build.0 = Release|Any CPU
	EndGlobalSection
	GlobalSection(SolutionProperties) = preSolution
		HideSolutionNode = FALSE
	EndGlobalSection
	GlobalSection(ExtensibilityGlobals) = postSolution
		SolutionGuid = {4752CCDF-5975-42A2-8329-7A592A4E43F9}
	EndGlobalSection
EndGlobal
